# This file is automatically @generated by Cargo.
# It is not intended for manual editing.
version = 3

[[package]]
name = "ff"
version = "0.1.0"

[[package]]
name = "poly"
version = "0.1.0"
dependencies = [
 "ff",
]

[[package]]
name = "stark101"
version = "0.1.0"
dependencies = [
 "ff",
 "poly",
]
